# This file is autogenerated, do not edit; changes may be undone by the next 'dep ensure'.


[[projects]]
  digest = "1:e2bf76d886939ecbcb7294860c28fe0a6408bff3a5f1b4626ca4700767328ab5"
  name = "github.com/auyer/steganography"
  packages = ["."]
  pruneopts = "UT"
  revision = "2664780d40a3ee203bb9e2a4ab0466f49dc48ff6"
  version = "v2.0"

[solve-meta]
  analyzer-name = "dep"
  analyzer-version = 1
  input-imports = ["github.com/auyer/steganography"]
  solver-name = "gps-cdcl"
  solver-version = 1
